
Microsoft Visual Studio Solution File, Format Version 12.00
# Visual Studio Version 17
VisualStudioVersion = 17.0.32126.317
MinimumVisualStudioVersion = 10.0.40219.1
Project("{9A19103F-16F7-4668-BE54-9A1E7A4F7556}") = "Smokeball - Development Project", "Smokeball - Development Project\Smokeball - Development Project.csproj", "{1B06DEE0-26E8-47E2-8D10-5CC2EC82CF36}"
EndProject
Project("{9A19103F-16F7-4668-BE54-9A1E7A4F7556}") = "Smokeball - Development ProjectTests", "Smokeball - Development ProjectTests\Smokeball - Development ProjectTests.csproj", "{1785EDE8-DF7E-4CEC-9DC3-92A58A0A0B31}"
EndProject
Global
	GlobalSection(SolutionConfigurationPlatforms) = preSolution
		Debug|Any CPU = Debug|Any CPU
		Debug|x64 = Debug|x64
		Release|Any CPU = Release|Any CPU
		Release|x64 = Release|x64
	EndGlobalSection
	GlobalSection(ProjectConfigurationPlatforms) = postSolution
		{1B06DEE0-26E8-47E2-8D10-5CC2EC82CF36}.Debug|Any CPU.ActiveCfg = Debug|Any CPU
		{1B06DEE0-26E8-47E2-8D10-5CC2EC82CF36}.Debug|Any CPU.Build.0 = Debug|Any CPU
		{1B06DEE0-26E8-47E2-8D10-5CC2EC82CF36}.Debug|x64.ActiveCfg = Debug|x64
		{1B06DEE0-26E8-47E2-8D10-5CC2EC82CF36}.Debug|x64.Build.0 = Debug|x64
		{1B06DEE0-26E8-47E2-8D10-5CC2EC82CF36}.Release|Any CPU.ActiveCfg = Release|Any CPU
		{1B06DEE0-26E8-47E2-8D10-5CC2EC82CF36}.Release|Any CPU.Build.0 = Release|Any CPU
		{1B06DEE0-26E8-47E2-8D10-5CC2EC82CF36}.Release|x64.ActiveCfg = Release|x64
		{1B06DEE0-26E8-47E2-8D10-5CC2EC82CF36}.Release|x64.Build.0 = Release|x64
		{1785EDE8-DF7E-4CEC-9DC3-92A58A0A0B31}.Debug|Any CPU.ActiveCfg = Debug|Any CPU
		{1785EDE8-DF7E-4CEC-9DC3-92A58A0A0B31}.Debug|Any CPU.Build.0 = Debug|Any CPU
		{1785EDE8-DF7E-4CEC-9DC3-92A58A0A0B31}.Debug|x64.ActiveCfg = Debug|Any CPU
		{1785EDE8-DF7E-4CEC-9DC3-92A58A0A0B31}.Debug|x64.Build.0 = Debug|Any CPU
		{1785EDE8-DF7E-4CEC-9DC3-92A58A0A0B31}.Release|Any CPU.ActiveCfg = Release|Any CPU
		{1785EDE8-DF7E-4CEC-9DC3-92A58A0A0B31}.Release|Any CPU.Build.0 = Release|Any CPU
		{1785EDE8-DF7E-4CEC-9DC3-92A58A0A0B31}.Release|x64.ActiveCfg = Release|Any CPU
		{1785EDE8-DF7E-4CEC-9DC3-92A58A0A0B31}.Release|x64.Build.0 = Release|Any CPU
	EndGlobalSection
	GlobalSection(SolutionProperties) = preSolution
		HideSolutionNode = FALSE
	EndGlobalSection
	GlobalSection(ExtensibilityGlobals) = postSolution
		SolutionGuid = {FF7BCBD7-03CA-41A2-AC4A-A2FD1861FDF2}
	EndGlobalSection
EndGlobal
