
Microsoft Visual Studio Solution File, Format Version 12.00
# Visual Studio Version 17
VisualStudioVersion = 17.0.32126.317
MinimumVisualStudioVersion = 10.0.40219.1
Project("{FAE04EC0-301F-11D3-BF4B-00C04F79EFBC}") = "Smokeball - Development Project", "Smokeball - Development Project\Smokeball - Development Project.csproj", "{1B06DEE0-26E8-47E2-8D10-5CC2EC82CF36}"
EndProject
Global
	GlobalSection(SolutionConfigurationPlatforms) = preSolution
		Debug|Any CPU = Debug|Any CPU
		Release|Any CPU = Release|Any CPU
	EndGlobalSection
	GlobalSection(ProjectConfigurationPlatforms) = postSolution
		{1B06DEE0-26E8-47E2-8D10-5CC2EC82CF36}.Debug|Any CPU.ActiveCfg = Debug|Any CPU
		{1B06DEE0-26E8-47E2-8D10-5CC2EC82CF36}.Debug|Any CPU.Build.0 = Debug|Any CPU
		{1B06DEE0-26E8-47E2-8D10-5CC2EC82CF36}.Release|Any CPU.ActiveCfg = Release|Any CPU
		{1B06DEE0-26E8-47E2-8D10-5CC2EC82CF36}.Release|Any CPU.Build.0 = Release|Any CPU
	EndGlobalSection
	GlobalSection(SolutionProperties) = preSolution
		HideSolutionNode = FALSE
	EndGlobalSection
	GlobalSection(ExtensibilityGlobals) = postSolution
		SolutionGuid = {FF7BCBD7-03CA-41A2-AC4A-A2FD1861FDF2}
	EndGlobalSection
EndGlobal
